<?xml version="1.0" encoding="utf-8"?>
<Project ToolsVersion="4.0" xmlns="http://schemas.microsoft.com/developer/msbuild/2003">
  <ItemGroup>
    <ClInclude Include="pch.h" />
    <ClInclude Include="..\..\..\..\..\..\..\ProgramData\Microsoft\AndroidNDK\android-ndk-r10e\sources\android\ndk_helper\gestureDetector.h" />
    <ClInclude Include="..\..\..\..\..\..\..\ProgramData\Microsoft\AndroidNDK\android-ndk-r10e\sources\android\ndk_helper\gl3stub.h" />
    <ClInclude Include="..\..\..\..\..\..\..\ProgramData\Microsoft\AndroidNDK\android-ndk-r10e\sources\android\ndk_helper\GLContext.h" />
    <ClInclude Include="..\..\..\..\..\..\..\ProgramData\Microsoft\AndroidNDK\android-ndk-r10e\sources\android\ndk_helper\interpolator.h" />
    <ClInclude Include="..\..\..\..\..\..\..\ProgramData\Microsoft\AndroidNDK\android-ndk-r10e\sources\android\ndk_helper\JNIHelper.h" />
    <ClInclude Include="..\..\..\..\..\..\..\ProgramData\Microsoft\AndroidNDK\android-ndk-r10e\sources\android\ndk_helper\NDKHelper.h" />
    <ClInclude Include="..\..\..\..\..\..\..\ProgramData\Microsoft\AndroidNDK\android-ndk-r10e\sources\android\ndk_helper\perfMonitor.h" />
    <ClInclude Include="..\..\..\..\..\..\..\ProgramData\Microsoft\AndroidNDK\android-ndk-r10e\sources\android\ndk_helper\shader.h" />
    <ClInclude Include="..\..\..\..\..\..\..\ProgramData\Microsoft\AndroidNDK\android-ndk-r10e\sources\android\ndk_helper\tapCamera.h" />
    <ClInclude Include="..\..\..\..\..\..\..\ProgramData\Microsoft\AndroidNDK\android-ndk-r10e\sources\android\ndk_helper\vecmath.h" />
  </ItemGroup>
  <ItemGroup>
    <None Include="..\..\..\..\..\..\..\ProgramData\Microsoft\AndroidNDK\android-ndk-r10e\sources\android\ndk_helper\Android.mk" />
  </ItemGroup>
  <ItemGroup>
    <ClCompile Include="..\..\..\..\..\..\..\ProgramData\Microsoft\AndroidNDK\android-ndk-r10e\sources\android\ndk_helper\gestureDetector.cpp" />
    <ClCompile Include="..\..\..\..\..\..\..\ProgramData\Microsoft\AndroidNDK\android-ndk-r10e\sources\android\ndk_helper\gl3stub.c" />
    <ClCompile Include="..\..\..\..\..\..\..\ProgramData\Microsoft\AndroidNDK\android-ndk-r10e\sources\android\ndk_helper\GLContext.cpp" />
    <ClCompile Include="..\..\..\..\..\..\..\ProgramData\Microsoft\AndroidNDK\android-ndk-r10e\sources\android\ndk_helper\interpolator.cpp" />
    <ClCompile Include="..\..\..\..\..\..\..\ProgramData\Microsoft\AndroidNDK\android-ndk-r10e\sources\android\ndk_helper\JNIHelper.cpp" />
    <ClCompile Include="..\..\..\..\..\..\..\ProgramData\Microsoft\AndroidNDK\android-ndk-r10e\sources\android\ndk_helper\perfMonitor.cpp" />
    <ClCompile Include="..\..\..\..\..\..\..\ProgramData\Microsoft\AndroidNDK\android-ndk-r10e\sources\android\ndk_helper\shader.cpp" />
    <ClCompile Include="..\..\..\..\..\..\..\ProgramData\Microsoft\AndroidNDK\android-ndk-r10e\sources\android\ndk_helper\tapCamera.cpp" />
    <ClCompile Include="..\..\..\..\..\..\..\ProgramData\Microsoft\AndroidNDK\android-ndk-r10e\sources\android\ndk_helper\vecmath.cpp" />
  </ItemGroup>
</Project>