<?xml version="1.0" encoding="utf-8"?>
<Project ToolsVersion="4.0" xmlns="http://schemas.microsoft.com/developer/msbuild/2003">
  <ItemGroup>
    <ClCompile Include="main.cpp" />
    <ClCompile Include="..\OpenGLESApp2\OpenGLESApp2.Android.NativeActivity\Collision.cpp" />
    <ClCompile Include="..\OpenGLESApp2\OpenGLESApp2.Android.NativeActivity\Mesh.cpp" />
    <ClCompile Include="..\OpenGLESApp2\OpenGLESApp2.Android.NativeActivity\Renderer.cpp" />
    <ClCompile Include="..\OpenGLESApp2\OpenGLESApp2.Android.NativeActivity\texture.cpp" />
    <ClCompile Include="Win32Window.cpp" />
    <ClCompile Include="..\OpenGLESApp2\OpenGLESApp2.Android.NativeActivity\TangentSpaceData.cpp" />
  </ItemGroup>
  <ItemGroup>
    <ClInclude Include="..\OpenGLESApp2\OpenGLESApp2.Android.NativeActivity\Collision.h" />
    <ClInclude Include="..\OpenGLESApp2\OpenGLESApp2.Android.NativeActivity\Mesh.h" />
    <ClInclude Include="..\OpenGLESApp2\OpenGLESApp2.Android.NativeActivity\SpacePartitioner.h" />
    <ClInclude Include="..\OpenGLESApp2\OpenGLESApp2.Android.NativeActivity\Renderer.h" />
    <ClInclude Include="..\OpenGLESApp2\OpenGLESApp2.Android.NativeActivity\texture.h" />
    <ClInclude Include="Win32Window.h" />
    <ClInclude Include="..\OpenGLESApp2\OpenGLESApp2.Android.NativeActivity\TangentSpaceData.h" />
  </ItemGroup>
</Project>